
Microsoft Visual Studio Solution File, Format Version 12.00
# Visual Studio 15
VisualStudioVersion = 15.0.28010.0
MinimumVisualStudioVersion = 10.0.40219.1
Project("{9A19103F-16F7-4668-BE54-9A1E7A4F7556}") = "SportStore", "SportStore\SportStore.csproj", "{F67F4A21-B90E-4E8F-B000-2CA03EA8D2F8}"
EndProject
Project("{FAE04EC0-301F-11D3-BF4B-00C04F79EFBC}") = "SportStore.Tests", "SportStore.Tests\SportStore.Tests.csproj", "{D6B037C0-7AFC-4935-AAE2-6B0EB870C58D}"
EndProject
Global
	GlobalSection(SolutionConfigurationPlatforms) = preSolution
		Debug|Any CPU = Debug|Any CPU
		Release|Any CPU = Release|Any CPU
	EndGlobalSection
	GlobalSection(ProjectConfigurationPlatforms) = postSolution
		{F67F4A21-B90E-4E8F-B000-2CA03EA8D2F8}.Debug|Any CPU.ActiveCfg = Debug|Any CPU
		{F67F4A21-B90E-4E8F-B000-2CA03EA8D2F8}.Debug|Any CPU.Build.0 = Debug|Any CPU
		{F67F4A21-B90E-4E8F-B000-2CA03EA8D2F8}.Release|Any CPU.ActiveCfg = Release|Any CPU
		{F67F4A21-B90E-4E8F-B000-2CA03EA8D2F8}.Release|Any CPU.Build.0 = Release|Any CPU
		{D6B037C0-7AFC-4935-AAE2-6B0EB870C58D}.Debug|Any CPU.ActiveCfg = Debug|Any CPU
		{D6B037C0-7AFC-4935-AAE2-6B0EB870C58D}.Debug|Any CPU.Build.0 = Debug|Any CPU
		{D6B037C0-7AFC-4935-AAE2-6B0EB870C58D}.Release|Any CPU.ActiveCfg = Release|Any CPU
		{D6B037C0-7AFC-4935-AAE2-6B0EB870C58D}.Release|Any CPU.Build.0 = Release|Any CPU
	EndGlobalSection
	GlobalSection(SolutionProperties) = preSolution
		HideSolutionNode = FALSE
	EndGlobalSection
	GlobalSection(ExtensibilityGlobals) = postSolution
		SolutionGuid = {DDCFC0C7-6091-4F27-8FB2-2CF2025D6107}
	EndGlobalSection
EndGlobal
